dependencies:
- name: common
  repository: https://radar-base.github.io/radar-helm-charts
  version: 2.27.0
- name: cluster
  repository: file://../../external/cloudnativepg-cluster
  version: 0.2.1
digest: sha256:cce225c67f5126032493ec370056669cfd80468050df4ceef8e1a3607444772a
generated: "2025-03-12T05:40:33.688262011+01:00"
