dependencies:
- name: cluster
  repository: file://../../external/cloudnativepg-cluster
  version: 0.2.1
- name: common
  repository: https://radar-base.github.io/radar-helm-charts
  version: 2.27.0
digest: sha256:43c4e363688ab65bfcf786b37d59b97237f11b038b73dc9ba2de3e914de186a2
generated: "2025-04-07T16:36:55.243204528+02:00"
