dependencies:
- name: common
  repository: https://radar-base.github.io/radar-helm-charts
  version: 2.27.0
- name: kratos
  repository: file://../../external/kratos
  version: 0.43.1
digest: sha256:ea1b0755adc119804b79245b74823c3770d81dae58a31e1fd4f3fa4d7e754b51
generated: "2025-03-10T16:11:36.168872556+01:00"
