dependencies:
- name: common
  repository: https://radar-base.github.io/radar-helm-charts
  version: 2.27.0
- name: radar-cloudnative-timescaledb
  repository: file://../radar-cloudnative-timescaledb
  version: 0.2.0
digest: sha256:981cd25bb9d292f14c113b34c6dcef00e92843f35372e6818dc235acd5743ba2
generated: "2025-05-26T13:15:22.905213777+02:00"
