dependencies:
- name: common
  repository: https://radar-base.github.io/radar-helm-charts
  version: 2.27.0
- name: nifi-cluster
  repository: file://../../external/nifi-cluster
  version: 1.14.1
- name: nifikop
  repository: file://../../external/nifikop
  version: 1.14.1
digest: sha256:1dd5ea92012d42dd996abb603890298ecba2e06486f2ed12eb58eb5e7f6fc957
generated: "2025-11-05T13:41:54.715231113+01:00"
