dependencies:
- name: common
  repository: https://radar-base.github.io/radar-helm-charts
  version: 2.27.0
- name: redis-cluster
  repository: file://../../external/redis-cluster
  version: 0.17.1
digest: sha256:bdbe9198a52e7c7611443c64292b7659d1942b3763c25bb480fe4ad5563c64bb
generated: "2025-10-14T13:48:03.712326888+02:00"
