dependencies:
- name: common
  repository: https://radar-base.github.io/radar-helm-charts
  version: 2.27.0
- name: strimzi-registry-operator
  repository: https://lsst-sqre.github.io/charts/
  version: 2.1.0
digest: sha256:ab078404d9ede9267ceab7561a240904c7ede1e302767820fd828c86050df76e
generated: "2025-04-08T13:45:21.289054739+02:00"
